
Microsoft Visual Studio Solution File, Format Version 12.00
# Visual Studio 14
VisualStudioVersion = 14.0.23107.0
MinimumVisualStudioVersion = 10.0.40219.1
Project("{FAE04EC0-301F-11D3-BF4B-00C04F79EFBC}") = "GP.Windows", "GP.Windows\GP.Windows.csproj", "{BF45F42D-D00C-4AC5-AC3F-CE261DA43F99}"
EndProject
Project("{FAE04EC0-301F-11D3-BF4B-00C04F79EFBC}") = "Hercules.Model", "Hercules.Model\Hercules.Model.csproj", "{B0AA10FC-A13F-4D7E-B605-F450BBE9194D}"
EndProject
Project("{FAE04EC0-301F-11D3-BF4B-00C04F79EFBC}") = "Hercules.App", "Hercules.App\Hercules.App.csproj", "{36491669-D3EF-4EA6-A8E1-5EB82C5BBD84}"
EndProject
Project("{2150E333-8FDC-42A3-9474-1A3956D46DE8}") = "Tools", "Tools", "{892F3651-96EF-4C27-87EE-F51844DB2F1C}"
EndProject
Project("{FAE04EC0-301F-11D3-BF4B-00C04F79EFBC}") = "UnitTests", "UnitTests\UnitTests.csproj", "{2DA200FF-19BC-4C8B-89AB-35CA38C4E6DA}"
EndProject
Global
	GlobalSection(SolutionConfigurationPlatforms) = preSolution
		Debug|Any CPU = Debug|Any CPU
		Debug|ARM = Debug|ARM
		Debug|x64 = Debug|x64
		Debug|x86 = Debug|x86
		Release|Any CPU = Release|Any CPU
		Release|ARM = Release|ARM
		Release|x64 = Release|x64
		Release|x86 = Release|x86
	EndGlobalSection
	GlobalSection(ProjectConfigurationPlatforms) = postSolution
		{BF45F42D-D00C-4AC5-AC3F-CE261DA43F99}.Debug|Any CPU.ActiveCfg = Debug|Any CPU
		{BF45F42D-D00C-4AC5-AC3F-CE261DA43F99}.Debug|Any CPU.Build.0 = Debug|Any CPU
		{BF45F42D-D00C-4AC5-AC3F-CE261DA43F99}.Debug|ARM.ActiveCfg = Debug|ARM
		{BF45F42D-D00C-4AC5-AC3F-CE261DA43F99}.Debug|ARM.Build.0 = Debug|ARM
		{BF45F42D-D00C-4AC5-AC3F-CE261DA43F99}.Debug|x64.ActiveCfg = Debug|x64
		{BF45F42D-D00C-4AC5-AC3F-CE261DA43F99}.Debug|x64.Build.0 = Debug|x64
		{BF45F42D-D00C-4AC5-AC3F-CE261DA43F99}.Debug|x86.ActiveCfg = Debug|x86
		{BF45F42D-D00C-4AC5-AC3F-CE261DA43F99}.Debug|x86.Build.0 = Debug|x86
		{BF45F42D-D00C-4AC5-AC3F-CE261DA43F99}.Release|Any CPU.ActiveCfg = Release|Any CPU
		{BF45F42D-D00C-4AC5-AC3F-CE261DA43F99}.Release|Any CPU.Build.0 = Release|Any CPU
		{BF45F42D-D00C-4AC5-AC3F-CE261DA43F99}.Release|ARM.ActiveCfg = Release|ARM
		{BF45F42D-D00C-4AC5-AC3F-CE261DA43F99}.Release|ARM.Build.0 = Release|ARM
		{BF45F42D-D00C-4AC5-AC3F-CE261DA43F99}.Release|x64.ActiveCfg = Release|x64
		{BF45F42D-D00C-4AC5-AC3F-CE261DA43F99}.Release|x64.Build.0 = Release|x64
		{BF45F42D-D00C-4AC5-AC3F-CE261DA43F99}.Release|x86.ActiveCfg = Release|x86
		{BF45F42D-D00C-4AC5-AC3F-CE261DA43F99}.Release|x86.Build.0 = Release|x86
		{B0AA10FC-A13F-4D7E-B605-F450BBE9194D}.Debug|Any CPU.ActiveCfg = Debug|Any CPU
		{B0AA10FC-A13F-4D7E-B605-F450BBE9194D}.Debug|Any CPU.Build.0 = Debug|Any CPU
		{B0AA10FC-A13F-4D7E-B605-F450BBE9194D}.Debug|ARM.ActiveCfg = Debug|ARM
		{B0AA10FC-A13F-4D7E-B605-F450BBE9194D}.Debug|ARM.Build.0 = Debug|ARM
		{B0AA10FC-A13F-4D7E-B605-F450BBE9194D}.Debug|x64.ActiveCfg = Debug|x64
		{B0AA10FC-A13F-4D7E-B605-F450BBE9194D}.Debug|x64.Build.0 = Debug|x64
		{B0AA10FC-A13F-4D7E-B605-F450BBE9194D}.Debug|x86.ActiveCfg = Debug|x86
		{B0AA10FC-A13F-4D7E-B605-F450BBE9194D}.Debug|x86.Build.0 = Debug|x86
		{B0AA10FC-A13F-4D7E-B605-F450BBE9194D}.Release|Any CPU.ActiveCfg = Release|Any CPU
		{B0AA10FC-A13F-4D7E-B605-F450BBE9194D}.Release|Any CPU.Build.0 = Release|Any CPU
		{B0AA10FC-A13F-4D7E-B605-F450BBE9194D}.Release|ARM.ActiveCfg = Release|ARM
		{B0AA10FC-A13F-4D7E-B605-F450BBE9194D}.Release|ARM.Build.0 = Release|ARM
		{B0AA10FC-A13F-4D7E-B605-F450BBE9194D}.Release|x64.ActiveCfg = Release|x64
		{B0AA10FC-A13F-4D7E-B605-F450BBE9194D}.Release|x64.Build.0 = Release|x64
		{B0AA10FC-A13F-4D7E-B605-F450BBE9194D}.Release|x86.ActiveCfg = Release|x86
		{B0AA10FC-A13F-4D7E-B605-F450BBE9194D}.Release|x86.Build.0 = Release|x86
		{36491669-D3EF-4EA6-A8E1-5EB82C5BBD84}.Debug|Any CPU.ActiveCfg = Debug|x86
		{36491669-D3EF-4EA6-A8E1-5EB82C5BBD84}.Debug|Any CPU.Build.0 = Debug|x86
		{36491669-D3EF-4EA6-A8E1-5EB82C5BBD84}.Debug|Any CPU.Deploy.0 = Debug|x86
		{36491669-D3EF-4EA6-A8E1-5EB82C5BBD84}.Debug|ARM.ActiveCfg = Debug|ARM
		{36491669-D3EF-4EA6-A8E1-5EB82C5BBD84}.Debug|ARM.Build.0 = Debug|ARM
		{36491669-D3EF-4EA6-A8E1-5EB82C5BBD84}.Debug|ARM.Deploy.0 = Debug|ARM
		{36491669-D3EF-4EA6-A8E1-5EB82C5BBD84}.Debug|x64.ActiveCfg = Debug|x64
		{36491669-D3EF-4EA6-A8E1-5EB82C5BBD84}.Debug|x64.Build.0 = Debug|x64
		{36491669-D3EF-4EA6-A8E1-5EB82C5BBD84}.Debug|x64.Deploy.0 = Debug|x64
		{36491669-D3EF-4EA6-A8E1-5EB82C5BBD84}.Debug|x86.ActiveCfg = Debug|x86
		{36491669-D3EF-4EA6-A8E1-5EB82C5BBD84}.Debug|x86.Build.0 = Debug|x86
		{36491669-D3EF-4EA6-A8E1-5EB82C5BBD84}.Debug|x86.Deploy.0 = Debug|x86
		{36491669-D3EF-4EA6-A8E1-5EB82C5BBD84}.Release|Any CPU.ActiveCfg = Release|x86
		{36491669-D3EF-4EA6-A8E1-5EB82C5BBD84}.Release|ARM.ActiveCfg = Release|ARM
		{36491669-D3EF-4EA6-A8E1-5EB82C5BBD84}.Release|ARM.Build.0 = Release|ARM
		{36491669-D3EF-4EA6-A8E1-5EB82C5BBD84}.Release|ARM.Deploy.0 = Release|ARM
		{36491669-D3EF-4EA6-A8E1-5EB82C5BBD84}.Release|x64.ActiveCfg = Release|x64
		{36491669-D3EF-4EA6-A8E1-5EB82C5BBD84}.Release|x64.Build.0 = Release|x64
		{36491669-D3EF-4EA6-A8E1-5EB82C5BBD84}.Release|x64.Deploy.0 = Release|x64
		{36491669-D3EF-4EA6-A8E1-5EB82C5BBD84}.Release|x86.ActiveCfg = Release|x86
		{36491669-D3EF-4EA6-A8E1-5EB82C5BBD84}.Release|x86.Build.0 = Release|x86
		{36491669-D3EF-4EA6-A8E1-5EB82C5BBD84}.Release|x86.Deploy.0 = Release|x86
		{2DA200FF-19BC-4C8B-89AB-35CA38C4E6DA}.Debug|Any CPU.ActiveCfg = Debug|x86
		{2DA200FF-19BC-4C8B-89AB-35CA38C4E6DA}.Debug|ARM.ActiveCfg = Debug|ARM
		{2DA200FF-19BC-4C8B-89AB-35CA38C4E6DA}.Debug|ARM.Build.0 = Debug|ARM
		{2DA200FF-19BC-4C8B-89AB-35CA38C4E6DA}.Debug|ARM.Deploy.0 = Debug|ARM
		{2DA200FF-19BC-4C8B-89AB-35CA38C4E6DA}.Debug|x64.ActiveCfg = Debug|x64
		{2DA200FF-19BC-4C8B-89AB-35CA38C4E6DA}.Debug|x64.Build.0 = Debug|x64
		{2DA200FF-19BC-4C8B-89AB-35CA38C4E6DA}.Debug|x64.Deploy.0 = Debug|x64
		{2DA200FF-19BC-4C8B-89AB-35CA38C4E6DA}.Debug|x86.ActiveCfg = Debug|x86
		{2DA200FF-19BC-4C8B-89AB-35CA38C4E6DA}.Debug|x86.Build.0 = Debug|x86
		{2DA200FF-19BC-4C8B-89AB-35CA38C4E6DA}.Debug|x86.Deploy.0 = Debug|x86
		{2DA200FF-19BC-4C8B-89AB-35CA38C4E6DA}.Release|Any CPU.ActiveCfg = Release|x86
		{2DA200FF-19BC-4C8B-89AB-35CA38C4E6DA}.Release|ARM.ActiveCfg = Release|ARM
		{2DA200FF-19BC-4C8B-89AB-35CA38C4E6DA}.Release|ARM.Build.0 = Release|ARM
		{2DA200FF-19BC-4C8B-89AB-35CA38C4E6DA}.Release|ARM.Deploy.0 = Release|ARM
		{2DA200FF-19BC-4C8B-89AB-35CA38C4E6DA}.Release|x64.ActiveCfg = Release|x64
		{2DA200FF-19BC-4C8B-89AB-35CA38C4E6DA}.Release|x64.Build.0 = Release|x64
		{2DA200FF-19BC-4C8B-89AB-35CA38C4E6DA}.Release|x64.Deploy.0 = Release|x64
		{2DA200FF-19BC-4C8B-89AB-35CA38C4E6DA}.Release|x86.ActiveCfg = Release|x86
		{2DA200FF-19BC-4C8B-89AB-35CA38C4E6DA}.Release|x86.Build.0 = Release|x86
		{2DA200FF-19BC-4C8B-89AB-35CA38C4E6DA}.Release|x86.Deploy.0 = Release|x86
	EndGlobalSection
	GlobalSection(SolutionProperties) = preSolution
		HideSolutionNode = FALSE
	EndGlobalSection
	GlobalSection(NestedProjects) = preSolution
		{BF45F42D-D00C-4AC5-AC3F-CE261DA43F99} = {892F3651-96EF-4C27-87EE-F51844DB2F1C}
	EndGlobalSection
EndGlobal
