
Microsoft Visual Studio Solution File, Format Version 12.00
# Visual Studio 14
VisualStudioVersion = 14.0.25420.1
MinimumVisualStudioVersion = 10.0.40219.1
Project("{FAE04EC0-301F-11D3-BF4B-00C04F79EFBC}") = "Hercules.App", "Hercules.App\Hercules.App.csproj", "{36491669-D3EF-4EA6-A8E1-5EB82C5BBD84}"
EndProject
Project("{FAE04EC0-301F-11D3-BF4B-00C04F79EFBC}") = "Hercules.Win2D", "Hercules.Win2D\Hercules.Win2D.csproj", "{C0A898B4-B04C-4A54-9C73-C127C096A3DA}"
EndProject
Project("{FAE04EC0-301F-11D3-BF4B-00C04F79EFBC}") = "Hercules.Model.Shared", "Hercules.Model.Shared\Hercules.Model.Shared.csproj", "{C8E9741D-CC6D-4131-90D5-87866F25EE89}"
EndProject
Project("{2150E333-8FDC-42A3-9474-1A3956D46DE8}") = "Utils", "Utils", "{37B4F83F-81F1-44D8-B0FA-920CED17F02C}"
EndProject
Project("{FAE04EC0-301F-11D3-BF4B-00C04F79EFBC}") = "Hercules.Model.Uwp", "Hercules.Model.Uwp\Hercules.Model.Uwp.csproj", "{33210F45-5D90-4AB9-9332-2EE1BE3B299B}"
EndProject
Project("{2150E333-8FDC-42A3-9474-1A3956D46DE8}") = "Model", "Model", "{2BECD756-F193-4F1B-96CB-2BF438B83FEC}"
EndProject
Project("{FAE04EC0-301F-11D3-BF4B-00C04F79EFBC}") = "Tests", "Tests\Tests.csproj", "{ADAC2EF6-4CF3-4E2A-A4B4-0C2B415421D2}"
EndProject
Project("{2150E333-8FDC-42A3-9474-1A3956D46DE8}") = "Solution Items", "Solution Items", "{E842AFD4-EF8F-4602-BD56-A7C4E03A8082}"
	ProjectSection(SolutionItems) = preProject
		RunCoverage.bat = RunCoverage.bat
	EndProjectSection
EndProject
Project("{FAE04EC0-301F-11D3-BF4B-00C04F79EFBC}") = "GP.Utils.Shared", "..\Utils\GP.Utils.Shared\GP.Utils.Shared.csproj", "{1666FFBB-520F-466C-BA04-406968246BF6}"
EndProject
Project("{FAE04EC0-301F-11D3-BF4B-00C04F79EFBC}") = "GP.Utils.Uwp", "..\Utils\GP.Utils.Uwp\GP.Utils.Uwp.csproj", "{BF45F42D-D00C-4AC5-AC3F-CE261DA43F99}"
EndProject
Global
	GlobalSection(SolutionConfigurationPlatforms) = preSolution
		Debug|Any CPU = Debug|Any CPU
		Debug|ARM = Debug|ARM
		Debug|x64 = Debug|x64
		Debug|x86 = Debug|x86
		Release|Any CPU = Release|Any CPU
		Release|ARM = Release|ARM
		Release|x64 = Release|x64
		Release|x86 = Release|x86
	EndGlobalSection
	GlobalSection(ProjectConfigurationPlatforms) = postSolution
		{36491669-D3EF-4EA6-A8E1-5EB82C5BBD84}.Debug|Any CPU.ActiveCfg = Debug|x86
		{36491669-D3EF-4EA6-A8E1-5EB82C5BBD84}.Debug|Any CPU.Build.0 = Debug|x86
		{36491669-D3EF-4EA6-A8E1-5EB82C5BBD84}.Debug|Any CPU.Deploy.0 = Debug|x86
		{36491669-D3EF-4EA6-A8E1-5EB82C5BBD84}.Debug|ARM.ActiveCfg = Debug|ARM
		{36491669-D3EF-4EA6-A8E1-5EB82C5BBD84}.Debug|ARM.Build.0 = Debug|ARM
		{36491669-D3EF-4EA6-A8E1-5EB82C5BBD84}.Debug|ARM.Deploy.0 = Debug|ARM
		{36491669-D3EF-4EA6-A8E1-5EB82C5BBD84}.Debug|x64.ActiveCfg = Debug|x64
		{36491669-D3EF-4EA6-A8E1-5EB82C5BBD84}.Debug|x64.Build.0 = Debug|x64
		{36491669-D3EF-4EA6-A8E1-5EB82C5BBD84}.Debug|x64.Deploy.0 = Debug|x64
		{36491669-D3EF-4EA6-A8E1-5EB82C5BBD84}.Debug|x86.ActiveCfg = Debug|x86
		{36491669-D3EF-4EA6-A8E1-5EB82C5BBD84}.Debug|x86.Build.0 = Debug|x86
		{36491669-D3EF-4EA6-A8E1-5EB82C5BBD84}.Debug|x86.Deploy.0 = Debug|x86
		{36491669-D3EF-4EA6-A8E1-5EB82C5BBD84}.Release|Any CPU.ActiveCfg = Release|x86
		{36491669-D3EF-4EA6-A8E1-5EB82C5BBD84}.Release|Any CPU.Build.0 = Release|x86
		{36491669-D3EF-4EA6-A8E1-5EB82C5BBD84}.Release|Any CPU.Deploy.0 = Release|x86
		{36491669-D3EF-4EA6-A8E1-5EB82C5BBD84}.Release|ARM.ActiveCfg = Release|ARM
		{36491669-D3EF-4EA6-A8E1-5EB82C5BBD84}.Release|ARM.Build.0 = Release|ARM
		{36491669-D3EF-4EA6-A8E1-5EB82C5BBD84}.Release|ARM.Deploy.0 = Release|ARM
		{36491669-D3EF-4EA6-A8E1-5EB82C5BBD84}.Release|x64.ActiveCfg = Release|x64
		{36491669-D3EF-4EA6-A8E1-5EB82C5BBD84}.Release|x64.Build.0 = Release|x64
		{36491669-D3EF-4EA6-A8E1-5EB82C5BBD84}.Release|x64.Deploy.0 = Release|x64
		{36491669-D3EF-4EA6-A8E1-5EB82C5BBD84}.Release|x86.ActiveCfg = Release|x86
		{36491669-D3EF-4EA6-A8E1-5EB82C5BBD84}.Release|x86.Build.0 = Release|x86
		{36491669-D3EF-4EA6-A8E1-5EB82C5BBD84}.Release|x86.Deploy.0 = Release|x86
		{C0A898B4-B04C-4A54-9C73-C127C096A3DA}.Debug|Any CPU.ActiveCfg = Debug|Any CPU
		{C0A898B4-B04C-4A54-9C73-C127C096A3DA}.Debug|Any CPU.Build.0 = Debug|Any CPU
		{C0A898B4-B04C-4A54-9C73-C127C096A3DA}.Debug|ARM.ActiveCfg = Debug|ARM
		{C0A898B4-B04C-4A54-9C73-C127C096A3DA}.Debug|ARM.Build.0 = Debug|ARM
		{C0A898B4-B04C-4A54-9C73-C127C096A3DA}.Debug|x64.ActiveCfg = Debug|x64
		{C0A898B4-B04C-4A54-9C73-C127C096A3DA}.Debug|x64.Build.0 = Debug|x64
		{C0A898B4-B04C-4A54-9C73-C127C096A3DA}.Debug|x86.ActiveCfg = Debug|x86
		{C0A898B4-B04C-4A54-9C73-C127C096A3DA}.Debug|x86.Build.0 = Debug|x86
		{C0A898B4-B04C-4A54-9C73-C127C096A3DA}.Release|Any CPU.ActiveCfg = Release|Any CPU
		{C0A898B4-B04C-4A54-9C73-C127C096A3DA}.Release|Any CPU.Build.0 = Release|Any CPU
		{C0A898B4-B04C-4A54-9C73-C127C096A3DA}.Release|ARM.ActiveCfg = Release|ARM
		{C0A898B4-B04C-4A54-9C73-C127C096A3DA}.Release|ARM.Build.0 = Release|ARM
		{C0A898B4-B04C-4A54-9C73-C127C096A3DA}.Release|x64.ActiveCfg = Release|x64
		{C0A898B4-B04C-4A54-9C73-C127C096A3DA}.Release|x64.Build.0 = Release|x64
		{C0A898B4-B04C-4A54-9C73-C127C096A3DA}.Release|x86.ActiveCfg = Release|x86
		{C0A898B4-B04C-4A54-9C73-C127C096A3DA}.Release|x86.Build.0 = Release|x86
		{C8E9741D-CC6D-4131-90D5-87866F25EE89}.Debug|Any CPU.ActiveCfg = Debug|Any CPU
		{C8E9741D-CC6D-4131-90D5-87866F25EE89}.Debug|Any CPU.Build.0 = Debug|Any CPU
		{C8E9741D-CC6D-4131-90D5-87866F25EE89}.Debug|ARM.ActiveCfg = Debug|Any CPU
		{C8E9741D-CC6D-4131-90D5-87866F25EE89}.Debug|ARM.Build.0 = Debug|Any CPU
		{C8E9741D-CC6D-4131-90D5-87866F25EE89}.Debug|x64.ActiveCfg = Debug|Any CPU
		{C8E9741D-CC6D-4131-90D5-87866F25EE89}.Debug|x64.Build.0 = Debug|Any CPU
		{C8E9741D-CC6D-4131-90D5-87866F25EE89}.Debug|x86.ActiveCfg = Debug|Any CPU
		{C8E9741D-CC6D-4131-90D5-87866F25EE89}.Debug|x86.Build.0 = Debug|Any CPU
		{C8E9741D-CC6D-4131-90D5-87866F25EE89}.Release|Any CPU.ActiveCfg = Release|Any CPU
		{C8E9741D-CC6D-4131-90D5-87866F25EE89}.Release|Any CPU.Build.0 = Release|Any CPU
		{C8E9741D-CC6D-4131-90D5-87866F25EE89}.Release|ARM.ActiveCfg = Release|Any CPU
		{C8E9741D-CC6D-4131-90D5-87866F25EE89}.Release|ARM.Build.0 = Release|Any CPU
		{C8E9741D-CC6D-4131-90D5-87866F25EE89}.Release|x64.ActiveCfg = Release|Any CPU
		{C8E9741D-CC6D-4131-90D5-87866F25EE89}.Release|x64.Build.0 = Release|Any CPU
		{C8E9741D-CC6D-4131-90D5-87866F25EE89}.Release|x86.ActiveCfg = Release|Any CPU
		{C8E9741D-CC6D-4131-90D5-87866F25EE89}.Release|x86.Build.0 = Release|Any CPU
		{33210F45-5D90-4AB9-9332-2EE1BE3B299B}.Debug|Any CPU.ActiveCfg = Debug|Any CPU
		{33210F45-5D90-4AB9-9332-2EE1BE3B299B}.Debug|Any CPU.Build.0 = Debug|Any CPU
		{33210F45-5D90-4AB9-9332-2EE1BE3B299B}.Debug|ARM.ActiveCfg = Debug|ARM
		{33210F45-5D90-4AB9-9332-2EE1BE3B299B}.Debug|ARM.Build.0 = Debug|ARM
		{33210F45-5D90-4AB9-9332-2EE1BE3B299B}.Debug|x64.ActiveCfg = Debug|x64
		{33210F45-5D90-4AB9-9332-2EE1BE3B299B}.Debug|x64.Build.0 = Debug|x64
		{33210F45-5D90-4AB9-9332-2EE1BE3B299B}.Debug|x86.ActiveCfg = Debug|x86
		{33210F45-5D90-4AB9-9332-2EE1BE3B299B}.Debug|x86.Build.0 = Debug|x86
		{33210F45-5D90-4AB9-9332-2EE1BE3B299B}.Release|Any CPU.ActiveCfg = Release|Any CPU
		{33210F45-5D90-4AB9-9332-2EE1BE3B299B}.Release|Any CPU.Build.0 = Release|Any CPU
		{33210F45-5D90-4AB9-9332-2EE1BE3B299B}.Release|ARM.ActiveCfg = Release|ARM
		{33210F45-5D90-4AB9-9332-2EE1BE3B299B}.Release|ARM.Build.0 = Release|ARM
		{33210F45-5D90-4AB9-9332-2EE1BE3B299B}.Release|x64.ActiveCfg = Release|x64
		{33210F45-5D90-4AB9-9332-2EE1BE3B299B}.Release|x64.Build.0 = Release|x64
		{33210F45-5D90-4AB9-9332-2EE1BE3B299B}.Release|x86.ActiveCfg = Release|x86
		{33210F45-5D90-4AB9-9332-2EE1BE3B299B}.Release|x86.Build.0 = Release|x86
		{ADAC2EF6-4CF3-4E2A-A4B4-0C2B415421D2}.Debug|Any CPU.ActiveCfg = Debug|Any CPU
		{ADAC2EF6-4CF3-4E2A-A4B4-0C2B415421D2}.Debug|Any CPU.Build.0 = Debug|Any CPU
		{ADAC2EF6-4CF3-4E2A-A4B4-0C2B415421D2}.Debug|ARM.ActiveCfg = Debug|Any CPU
		{ADAC2EF6-4CF3-4E2A-A4B4-0C2B415421D2}.Debug|ARM.Build.0 = Debug|Any CPU
		{ADAC2EF6-4CF3-4E2A-A4B4-0C2B415421D2}.Debug|x64.ActiveCfg = Debug|Any CPU
		{ADAC2EF6-4CF3-4E2A-A4B4-0C2B415421D2}.Debug|x64.Build.0 = Debug|Any CPU
		{ADAC2EF6-4CF3-4E2A-A4B4-0C2B415421D2}.Debug|x86.ActiveCfg = Debug|Any CPU
		{ADAC2EF6-4CF3-4E2A-A4B4-0C2B415421D2}.Debug|x86.Build.0 = Debug|Any CPU
		{ADAC2EF6-4CF3-4E2A-A4B4-0C2B415421D2}.Release|Any CPU.ActiveCfg = Release|Any CPU
		{ADAC2EF6-4CF3-4E2A-A4B4-0C2B415421D2}.Release|Any CPU.Build.0 = Release|Any CPU
		{ADAC2EF6-4CF3-4E2A-A4B4-0C2B415421D2}.Release|ARM.ActiveCfg = Release|Any CPU
		{ADAC2EF6-4CF3-4E2A-A4B4-0C2B415421D2}.Release|ARM.Build.0 = Release|Any CPU
		{ADAC2EF6-4CF3-4E2A-A4B4-0C2B415421D2}.Release|x64.ActiveCfg = Release|Any CPU
		{ADAC2EF6-4CF3-4E2A-A4B4-0C2B415421D2}.Release|x64.Build.0 = Release|Any CPU
		{ADAC2EF6-4CF3-4E2A-A4B4-0C2B415421D2}.Release|x86.ActiveCfg = Release|Any CPU
		{ADAC2EF6-4CF3-4E2A-A4B4-0C2B415421D2}.Release|x86.Build.0 = Release|Any CPU
		{1666FFBB-520F-466C-BA04-406968246BF6}.Debug|Any CPU.ActiveCfg = Debug|Any CPU
		{1666FFBB-520F-466C-BA04-406968246BF6}.Debug|Any CPU.Build.0 = Debug|Any CPU
		{1666FFBB-520F-466C-BA04-406968246BF6}.Debug|ARM.ActiveCfg = Debug|Any CPU
		{1666FFBB-520F-466C-BA04-406968246BF6}.Debug|ARM.Build.0 = Debug|Any CPU
		{1666FFBB-520F-466C-BA04-406968246BF6}.Debug|x64.ActiveCfg = Debug|Any CPU
		{1666FFBB-520F-466C-BA04-406968246BF6}.Debug|x64.Build.0 = Debug|Any CPU
		{1666FFBB-520F-466C-BA04-406968246BF6}.Debug|x86.ActiveCfg = Debug|Any CPU
		{1666FFBB-520F-466C-BA04-406968246BF6}.Debug|x86.Build.0 = Debug|Any CPU
		{1666FFBB-520F-466C-BA04-406968246BF6}.Release|Any CPU.ActiveCfg = Release|Any CPU
		{1666FFBB-520F-466C-BA04-406968246BF6}.Release|Any CPU.Build.0 = Release|Any CPU
		{1666FFBB-520F-466C-BA04-406968246BF6}.Release|ARM.ActiveCfg = Release|Any CPU
		{1666FFBB-520F-466C-BA04-406968246BF6}.Release|ARM.Build.0 = Release|Any CPU
		{1666FFBB-520F-466C-BA04-406968246BF6}.Release|x64.ActiveCfg = Release|Any CPU
		{1666FFBB-520F-466C-BA04-406968246BF6}.Release|x64.Build.0 = Release|Any CPU
		{1666FFBB-520F-466C-BA04-406968246BF6}.Release|x86.ActiveCfg = Release|Any CPU
		{1666FFBB-520F-466C-BA04-406968246BF6}.Release|x86.Build.0 = Release|Any CPU
		{BF45F42D-D00C-4AC5-AC3F-CE261DA43F99}.Debug|Any CPU.ActiveCfg = Debug|Any CPU
		{BF45F42D-D00C-4AC5-AC3F-CE261DA43F99}.Debug|Any CPU.Build.0 = Debug|Any CPU
		{BF45F42D-D00C-4AC5-AC3F-CE261DA43F99}.Debug|ARM.ActiveCfg = Debug|ARM
		{BF45F42D-D00C-4AC5-AC3F-CE261DA43F99}.Debug|ARM.Build.0 = Debug|ARM
		{BF45F42D-D00C-4AC5-AC3F-CE261DA43F99}.Debug|x64.ActiveCfg = Debug|x64
		{BF45F42D-D00C-4AC5-AC3F-CE261DA43F99}.Debug|x64.Build.0 = Debug|x64
		{BF45F42D-D00C-4AC5-AC3F-CE261DA43F99}.Debug|x86.ActiveCfg = Debug|x86
		{BF45F42D-D00C-4AC5-AC3F-CE261DA43F99}.Debug|x86.Build.0 = Debug|x86
		{BF45F42D-D00C-4AC5-AC3F-CE261DA43F99}.Release|Any CPU.ActiveCfg = Release|Any CPU
		{BF45F42D-D00C-4AC5-AC3F-CE261DA43F99}.Release|Any CPU.Build.0 = Release|Any CPU
		{BF45F42D-D00C-4AC5-AC3F-CE261DA43F99}.Release|ARM.ActiveCfg = Release|ARM
		{BF45F42D-D00C-4AC5-AC3F-CE261DA43F99}.Release|ARM.Build.0 = Release|ARM
		{BF45F42D-D00C-4AC5-AC3F-CE261DA43F99}.Release|x64.ActiveCfg = Release|x64
		{BF45F42D-D00C-4AC5-AC3F-CE261DA43F99}.Release|x64.Build.0 = Release|x64
		{BF45F42D-D00C-4AC5-AC3F-CE261DA43F99}.Release|x86.ActiveCfg = Release|x86
		{BF45F42D-D00C-4AC5-AC3F-CE261DA43F99}.Release|x86.Build.0 = Release|x86
	EndGlobalSection
	GlobalSection(SolutionProperties) = preSolution
		HideSolutionNode = FALSE
	EndGlobalSection
	GlobalSection(NestedProjects) = preSolution
		{C0A898B4-B04C-4A54-9C73-C127C096A3DA} = {2BECD756-F193-4F1B-96CB-2BF438B83FEC}
		{C8E9741D-CC6D-4131-90D5-87866F25EE89} = {2BECD756-F193-4F1B-96CB-2BF438B83FEC}
		{33210F45-5D90-4AB9-9332-2EE1BE3B299B} = {2BECD756-F193-4F1B-96CB-2BF438B83FEC}
		{1666FFBB-520F-466C-BA04-406968246BF6} = {37B4F83F-81F1-44D8-B0FA-920CED17F02C}
		{BF45F42D-D00C-4AC5-AC3F-CE261DA43F99} = {37B4F83F-81F1-44D8-B0FA-920CED17F02C}
	EndGlobalSection
EndGlobal
